{
  "meteor": {},
  "dependencies": {
    "basePackages": {
      "semantic-ui": {},
      "iron-router": {}
    },
    "packages": {
      "semantic-ui": {
        "git": "https://github.com/nooitaf/meteor-semantic-ui.git",
        "tag": "v0.9.3",
        "commit": "419bb0296a2f61919d8525e49c72a9afce0bb06c"
      },
      "iron-router": {
        "git": "https://github.com/EventedMind/iron-router.git",
        "tag": "v0.6.1",
        "commit": "4e1ee0581d68bff422a915dacb0bd30eae10fe08"
      }
    }
  }
}
